
Microsoft Visual Studio Solution File, Format Version 12.00
# Visual Studio 2013
VisualStudioVersion = 12.0.40629.0
MinimumVisualStudioVersion = 10.0.40219.1
Project("{FAE04EC0-301F-11D3-BF4B-00C04F79EFBC}") = "Bank", "Bank\Bank.csproj", "{4C89E143-021B-4842-BF37-CE3744E943A2}"
EndProject
Project("{FAE04EC0-301F-11D3-BF4B-00C04F79EFBC}") = "BankTest", "BankTest\BankTest.csproj", "{DBFF70A6-E675-4FEA-AD94-59A468D74C5F}"
EndProject
Global
	GlobalSection(SolutionConfigurationPlatforms) = preSolution
		Debug|Any CPU = Debug|Any CPU
		Release|Any CPU = Release|Any CPU
	EndGlobalSection
	GlobalSection(ProjectConfigurationPlatforms) = postSolution
		{4C89E143-021B-4842-BF37-CE3744E943A2}.Debug|Any CPU.ActiveCfg = Debug|Any CPU
		{4C89E143-021B-4842-BF37-CE3744E943A2}.Debug|Any CPU.Build.0 = Debug|Any CPU
		{4C89E143-021B-4842-BF37-CE3744E943A2}.Release|Any CPU.ActiveCfg = Release|Any CPU
		{4C89E143-021B-4842-BF37-CE3744E943A2}.Release|Any CPU.Build.0 = Release|Any CPU
		{DBFF70A6-E675-4FEA-AD94-59A468D74C5F}.Debug|Any CPU.ActiveCfg = Debug|Any CPU
		{DBFF70A6-E675-4FEA-AD94-59A468D74C5F}.Debug|Any CPU.Build.0 = Debug|Any CPU
		{DBFF70A6-E675-4FEA-AD94-59A468D74C5F}.Release|Any CPU.ActiveCfg = Release|Any CPU
		{DBFF70A6-E675-4FEA-AD94-59A468D74C5F}.Release|Any CPU.Build.0 = Release|Any CPU
	EndGlobalSection
	GlobalSection(SolutionProperties) = preSolution
		HideSolutionNode = FALSE
	EndGlobalSection
EndGlobal
